<?xml version="1.0" encoding="utf-8"?>
<Project ToolsVersion="4.0" xmlns="http://schemas.microsoft.com/developer/msbuild/2003">
  <ItemGroup>
    <Filter Include="src">
      <UniqueIdentifier>{39207aec-686e-48c0-afe4-65588d0c0f13}</UniqueIdentifier>
    </Filter>
    <Filter Include="src\ofxMessagePack">
      <UniqueIdentifier>{2ff2ee4b-c525-4d05-b8e8-7e16b30ad11b}</UniqueIdentifier>
    </Filter>
    <Filter Include="libs">
      <UniqueIdentifier>{c3670e39-8c3d-4bc3-b4a9-3438e9600079}</UniqueIdentifier>
    </Filter>
    <Filter Include="libs\msgpack-c">
      <UniqueIdentifier>{5f4283e9-04b5-4f91-86af-f002276692d9}</UniqueIdentifier>
    </Filter>
    <Filter Include="libs\msgpack-c\src">
      <UniqueIdentifier>{3c8207a9-9adb-49d0-8604-4668ba82722c}</UniqueIdentifier>
    </Filter>
  </ItemGroup>
  <ItemGroup>
    <ClInclude Include="..\src\ofxMessagePack.h">
      <Filter>src</Filter>
    </ClInclude>
    <ClInclude Include="..\src\ofxMessagePack\Packer.h">
      <Filter>src\ofxMessagePack</Filter>
    </ClInclude>
    <ClInclude Include="..\src\ofxMessagePack\Stream.h">
      <Filter>src\ofxMessagePack</Filter>
    </ClInclude>
    <ClInclude Include="..\src\ofxMessagePack\Unpacker.h">
      <Filter>src\ofxMessagePack</Filter>
    </ClInclude>
    <ClInclude Include="..\src\ofxMessagePack\SerialStream.h">
      <Filter>src\ofxMessagePack</Filter>
    </ClInclude>
  </ItemGroup>
  <ItemGroup>
    <ClCompile Include="..\src\ofxMessagePack\Packer.cpp">
      <Filter>src\ofxMessagePack</Filter>
    </ClCompile>
    <ClCompile Include="..\src\ofxMessagePack\Stream.cpp">
      <Filter>src\ofxMessagePack</Filter>
    </ClCompile>
    <ClCompile Include="..\src\ofxMessagePack\Unpacker.cpp">
      <Filter>src\ofxMessagePack</Filter>
    </ClCompile>
    <ClCompile Include="..\libs\msgpack-c\src\version.c">
      <Filter>libs\msgpack-c\src</Filter>
    </ClCompile>
    <ClCompile Include="..\libs\msgpack-c\src\vrefbuffer.c">
      <Filter>libs\msgpack-c\src</Filter>
    </ClCompile>
    <ClCompile Include="..\libs\msgpack-c\src\zone.c">
      <Filter>libs\msgpack-c\src</Filter>
    </ClCompile>
    <ClCompile Include="..\libs\msgpack-c\src\objectc.c">
      <Filter>libs\msgpack-c\src</Filter>
    </ClCompile>
    <ClCompile Include="..\libs\msgpack-c\src\unpack.c">
      <Filter>libs\msgpack-c\src</Filter>
    </ClCompile>
    <ClCompile Include="..\src\ofxMessagePack\SerialStream.cpp">
      <Filter>src\ofxMessagePack</Filter>
    </ClCompile>
  </ItemGroup>
</Project>